# This file is automatically @generated by Cargo.
# It is not intended for manual editing.
version = 4

[[package]]
name = "calisto"
version = "0.1.0"
dependencies = [
 "calisto-build",
 "calisto-hash",
 "calisto-native",
 "calisto-pg",
 "calisto-ruby",
 "calisto-sqlite",
]

[[package]]
name = "calisto-build"
version = "0.1.0"

[[package]]
name = "calisto-hash"
version = "0.1.0"
dependencies = [
 "calisto-ruby",
]

[[package]]
name = "calisto-native"
version = "0.1.0"
dependencies = [
 "calisto-ruby",
]

[[package]]
name = "calisto-pg"
version = "0.1.0"
dependencies = [
 "calisto-ruby",
]

[[package]]
name = "calisto-ruby"
version = "0.1.0"

[[package]]
name = "calisto-sqlite"
version = "0.1.0"
dependencies = [
 "calisto-ruby",
]
